
Microsoft Visual Studio Solution File, Format Version 10.00
# Visual Studio 2008
Project("{FAE04EC0-301F-11D3-BF4B-00C04F79EFBC}") = "EL.BLL", "EL.BLL\EL.BLL.csproj", "{4CC0E79B-9D54-449C-A4DB-1B169AFCEECC}"
EndProject
Project("{FAE04EC0-301F-11D3-BF4B-00C04F79EFBC}") = "EL.Core", "EL.Core\EL.Core.csproj", "{FA5DFDA4-5428-428F-95B5-1A75CF844909}"
EndProject
Project("{FAE04EC0-301F-11D3-BF4B-00C04F79EFBC}") = "EL.Data", "EL.Data\EL.Data.csproj", "{A9CBE3FE-96A9-4454-AC56-B21FF4E3439A}"
EndProject
Project("{E24C65DC-7377-472B-9ABA-BC803B73C61A}") = "EL.Web", "EL.Web", "{16015462-B83C-41B0-94E5-3B1323CE94D6}"
	ProjectSection(WebsiteProperties) = preProject
		SccProjectName = "SAK"
		SccAuxPath = "SAK"
		SccLocalPath = "SAK"
		SccProvider = "SAK"
		TargetFramework = "3.5"
		ProjectReferences = "{4CC0E79B-9D54-449C-A4DB-1B169AFCEECC}|EL.BLL.dll;{FA5DFDA4-5428-428F-95B5-1A75CF844909}|EL.Core.dll;{A9CBE3FE-96A9-4454-AC56-B21FF4E3439A}|EL.Data.dll;"
		Debug.AspNetCompiler.VirtualPath = "/EL.Web"
		Debug.AspNetCompiler.PhysicalPath = "EL.Web\"
		Debug.AspNetCompiler.TargetPath = "PrecompiledWeb\EL.Web\"
		Debug.AspNetCompiler.Updateable = "true"
		Debug.AspNetCompiler.ForceOverwrite = "true"
		Debug.AspNetCompiler.FixedNames = "false"
		Debug.AspNetCompiler.Debug = "True"
		Release.AspNetCompiler.VirtualPath = "/EL.Web"
		Release.AspNetCompiler.PhysicalPath = "EL.Web\"
		Release.AspNetCompiler.TargetPath = "PrecompiledWeb\EL.Web\"
		Release.AspNetCompiler.Updateable = "true"
		Release.AspNetCompiler.ForceOverwrite = "true"
		Release.AspNetCompiler.FixedNames = "false"
		Release.AspNetCompiler.Debug = "False"
		VWDPort = "50882"
		DefaultWebSiteLanguage = "Visual C#"
	EndProjectSection
EndProject
Global
	GlobalSection(TeamFoundationVersionControl) = preSolution
		SccNumberOfProjects = 5
		SccEnterpriseProvider = {4CA58AB2-18FA-4F8D-95D4-32DDF27D184C}
		SccTeamFoundationServer = http://1x:8080/
		SccLocalPath0 = .
		SccProjectUniqueName1 = EL.BLL\\EL.BLL.csproj
		SccProjectName1 = EL.BLL
		SccLocalPath1 = EL.BLL
		SccProjectUniqueName2 = EL.Core\\EL.Core.csproj
		SccProjectName2 = EL.Core
		SccLocalPath2 = EL.Core
		SccProjectUniqueName3 = EL.Data\\EL.Data.csproj
		SccProjectName3 = EL.Data
		SccLocalPath3 = EL.Data
		SccWebProject4 = true
		SccProjectUniqueName4 = EL.Web
		SccLocalPath4 = .
		SccProjectFilePathRelativizedFromConnection4 = EL.Web\\
		SccProjectEnlistmentChoice4 = 2
	EndGlobalSection
	GlobalSection(SolutionConfigurationPlatforms) = preSolution
		Debug|Any CPU = Debug|Any CPU
		Release|Any CPU = Release|Any CPU
	EndGlobalSection
	GlobalSection(ProjectConfigurationPlatforms) = postSolution
		{4CC0E79B-9D54-449C-A4DB-1B169AFCEECC}.Debug|Any CPU.ActiveCfg = Debug|Any CPU
		{4CC0E79B-9D54-449C-A4DB-1B169AFCEECC}.Debug|Any CPU.Build.0 = Debug|Any CPU
		{4CC0E79B-9D54-449C-A4DB-1B169AFCEECC}.Release|Any CPU.ActiveCfg = Release|Any CPU
		{4CC0E79B-9D54-449C-A4DB-1B169AFCEECC}.Release|Any CPU.Build.0 = Release|Any CPU
		{FA5DFDA4-5428-428F-95B5-1A75CF844909}.Debug|Any CPU.ActiveCfg = Debug|Any CPU
		{FA5DFDA4-5428-428F-95B5-1A75CF844909}.Debug|Any CPU.Build.0 = Debug|Any CPU
		{FA5DFDA4-5428-428F-95B5-1A75CF844909}.Release|Any CPU.ActiveCfg = Release|Any CPU
		{FA5DFDA4-5428-428F-95B5-1A75CF844909}.Release|Any CPU.Build.0 = Release|Any CPU
		{A9CBE3FE-96A9-4454-AC56-B21FF4E3439A}.Debug|Any CPU.ActiveCfg = Debug|Any CPU
		{A9CBE3FE-96A9-4454-AC56-B21FF4E3439A}.Debug|Any CPU.Build.0 = Debug|Any CPU
		{A9CBE3FE-96A9-4454-AC56-B21FF4E3439A}.Release|Any CPU.ActiveCfg = Release|Any CPU
		{A9CBE3FE-96A9-4454-AC56-B21FF4E3439A}.Release|Any CPU.Build.0 = Release|Any CPU
		{16015462-B83C-41B0-94E5-3B1323CE94D6}.Debug|Any CPU.ActiveCfg = Debug|Any CPU
		{16015462-B83C-41B0-94E5-3B1323CE94D6}.Debug|Any CPU.Build.0 = Debug|Any CPU
		{16015462-B83C-41B0-94E5-3B1323CE94D6}.Release|Any CPU.ActiveCfg = Debug|Any CPU
		{16015462-B83C-41B0-94E5-3B1323CE94D6}.Release|Any CPU.Build.0 = Debug|Any CPU
	EndGlobalSection
	GlobalSection(SolutionProperties) = preSolution
		HideSolutionNode = FALSE
	EndGlobalSection
EndGlobal
